Microsoft Visual Studio Solution File, Format Version 8.00
Project("{8BC9CEB8-8B4A-11D0-8D11-00A0C91BC942}") = "SetEnv", "SetEnv.vcproj", "{04E16D95-C209-47CC-8274-121CDBCA9472}"
	ProjectSection(ProjectDependencies) = postProject
	EndProjectSection
EndProject
Global
	GlobalSection(SolutionConfiguration) = preSolution
		Debug = Debug
		Release = Release
	EndGlobalSection
	GlobalSection(ProjectConfiguration) = postSolution
		{04E16D95-C209-47CC-8274-121CDBCA9472}.Debug.ActiveCfg = Debug|Win32
		{04E16D95-C209-47CC-8274-121CDBCA9472}.Debug.Build.0 = Debug|Win32
		{04E16D95-C209-47CC-8274-121CDBCA9472}.Release.ActiveCfg = Release|Win32
		{04E16D95-C209-47CC-8274-121CDBCA9472}.Release.Build.0 = Release|Win32
	EndGlobalSection
	GlobalSection(ExtensibilityGlobals) = postSolution
	EndGlobalSection
	GlobalSection(ExtensibilityAddIns) = postSolution
	EndGlobalSection
EndGlobal
